{
  "name": "StoryWebGame",
  "lockfileVersion": 3,
  "requires": true,
  "packages": {
    "": {
      "dependencies": {
        "@neosapience/typecast-js": "^0.1.5"
      }
    },
    "node_modules/@neosapience/typecast-js": {
      "version": "0.1.5",
      "resolved": "https://registry.npmjs.org/@neosapience/typecast-js/-/typecast-js-0.1.5.tgz",
      "integrity": "sha512-Kqm79+63wIIL0hzcRziFiwUnKuhaUJH8wSKUUsZ4RLA3NP4dpXWumgpqiL1e4gpJFDhOs+CIvOtoDpnjH8ihoQ==",
      "license": "Apache-2.0",
      "engines": {
        "node": ">=16.0.0"
      }
    }
  }
}
